
Microsoft Visual Studio Solution File, Format Version 12.00
# Visual Studio Version 16
VisualStudioVersion = 16.0.31019.35
MinimumVisualStudioVersion = 10.0.40219.1
Project("{FAE04EC0-301F-11D3-BF4B-00C04F79EFBC}") = "CICD", "CICD\CICD.csproj", "{494AED67-8B5F-48C8-A4CE-12AC7FB966F7}"
EndProject
Project("{FAE04EC0-301F-11D3-BF4B-00C04F79EFBC}") = "XUnitCICD", "XUnitCICD\XUnitCICD.csproj", "{1408B9C8-E6A3-46A9-B0B2-BD9780C883A8}"
EndProject
Global
	GlobalSection(SolutionConfigurationPlatforms) = preSolution
		Debug|Any CPU = Debug|Any CPU
		Release|Any CPU = Release|Any CPU
	EndGlobalSection
	GlobalSection(ProjectConfigurationPlatforms) = postSolution
		{494AED67-8B5F-48C8-A4CE-12AC7FB966F7}.Debug|Any CPU.ActiveCfg = Debug|Any CPU
		{494AED67-8B5F-48C8-A4CE-12AC7FB966F7}.Debug|Any CPU.Build.0 = Debug|Any CPU
		{494AED67-8B5F-48C8-A4CE-12AC7FB966F7}.Release|Any CPU.ActiveCfg = Release|Any CPU
		{494AED67-8B5F-48C8-A4CE-12AC7FB966F7}.Release|Any CPU.Build.0 = Release|Any CPU
		{1408B9C8-E6A3-46A9-B0B2-BD9780C883A8}.Debug|Any CPU.ActiveCfg = Debug|Any CPU
		{1408B9C8-E6A3-46A9-B0B2-BD9780C883A8}.Debug|Any CPU.Build.0 = Debug|Any CPU
		{1408B9C8-E6A3-46A9-B0B2-BD9780C883A8}.Release|Any CPU.ActiveCfg = Release|Any CPU
		{1408B9C8-E6A3-46A9-B0B2-BD9780C883A8}.Release|Any CPU.Build.0 = Release|Any CPU
	EndGlobalSection
	GlobalSection(SolutionProperties) = preSolution
		HideSolutionNode = FALSE
	EndGlobalSection
	GlobalSection(ExtensibilityGlobals) = postSolution
		SolutionGuid = {C36DC3D1-1A91-4087-BA90-62B690BCC4D8}
	EndGlobalSection
EndGlobal
